// !$*UTF8*$!
{
	archiveVersion = 1;
	classes = {
	};
	objectVersion = 48;
	objects = {

/* Begin PBXBuildFile section */
		4645BFFD65E5E574348C6C7F /* Pods_Foursquare_Clone.framework in Frameworks */ = {isa = PBXBuildFile; fileRef = EA546AA6EB2DCC329217E1CC /* Pods_Foursquare_Clone.framework */; };
		BE0B37671FEB393700032EDB /* AppDelegate.swift in Sources */ = {isa = PBXBuildFile; fileRef = BE9C83E71F8AE1D200A5401F /* AppDelegate.swift */; };
		BE20BF132033892D00AB6BF1 /* PlacesViewController.swift in Sources */ = {isa = PBXBuildFile; fileRef = BE20BF112033892D00AB6BF1 /* PlacesViewController.swift */; };
		BE20BF142033892D00AB6BF1 /* PlacesViewController.swift in Sources */ = {isa = PBXBuildFile; fileRef = BE20BF112033892D00AB6BF1 /* PlacesViewController.swift */; };
		BE20BF152033892D00AB6BF1 /* PlacesViewController.xib in Resources */ = {isa = PBXBuildFile; fileRef = BE20BF122033892D00AB6BF1 /* PlacesViewController.xib */; };
		BE20BF162033892D00AB6BF1 /* PlacesViewController.xib in Resources */ = {isa = PBXBuildFile; fileRef = BE20BF122033892D00AB6BF1 /* PlacesViewController.xib */; };
		BE2E0F7F1FA80204002A5494 /* Place.swift in Sources */ = {isa = PBXBuildFile; fileRef = BE2E0F7E1FA80204002A5494 /* Place.swift */; };
		BE2E0F801FA80204002A5494 /* Place.swift in Sources */ = {isa = PBXBuildFile; fileRef = BE2E0F7E1FA80204002A5494 /* Place.swift */; };
		BE2E0F821FA8192D002A5494 /* Group.swift in Sources */ = {isa = PBXBuildFile; fileRef = BE2E0F811FA8192D002A5494 /* Group.swift */; };
		BE2E0F831FA8192D002A5494 /* Group.swift in Sources */ = {isa = PBXBuildFile; fileRef = BE2E0F811FA8192D002A5494 /* Group.swift */; };
		BE3B6B6E1FC7B8A800ECE416 /* InjectorSpec.swift in Sources */ = {isa = PBXBuildFile; fileRef = BE3B6B6D1FC7B8A800ECE416 /* InjectorSpec.swift */; };
		BE3C738C1FCE3FB000F37C7F /* NearbyPlacesService.swift in Sources */ = {isa = PBXBuildFile; fileRef = BE3C738B1FCE3FB000F37C7F /* NearbyPlacesService.swift */; };
		BE3C738D1FCE3FB000F37C7F /* NearbyPlacesService.swift in Sources */ = {isa = PBXBuildFile; fileRef = BE3C738B1FCE3FB000F37C7F /* NearbyPlacesService.swift */; };
		BE3C738F1FCE476A00F37C7F /* NearbyPlacesServiceSpec.swift in Sources */ = {isa = PBXBuildFile; fileRef = BE3C738E1FCE476A00F37C7F /* NearbyPlacesServiceSpec.swift */; };
		BE3C73911FCE480400F37C7F /* PlacesApiMock.swift in Sources */ = {isa = PBXBuildFile; fileRef = BE3C73901FCE480400F37C7F /* PlacesApiMock.swift */; };
		BE3C73931FCE5A3A00F37C7F /* PlacesService.swift in Sources */ = {isa = PBXBuildFile; fileRef = BE3C73921FCE5A3A00F37C7F /* PlacesService.swift */; };
		BE3C73941FCE5A3A00F37C7F /* PlacesService.swift in Sources */ = {isa = PBXBuildFile; fileRef = BE3C73921FCE5A3A00F37C7F /* PlacesService.swift */; };
		BE9C83E81F8AE1D200A5401F /* AppDelegate.swift in Sources */ = {isa = PBXBuildFile; fileRef = BE9C83E71F8AE1D200A5401F /* AppDelegate.swift */; };
		BE9C83EF1F8AE1D300A5401F /* Assets.xcassets in Resources */ = {isa = PBXBuildFile; fileRef = BE9C83EE1F8AE1D300A5401F /* Assets.xcassets */; };
		BE9C83F21F8AE1D300A5401F /* LaunchScreen.storyboard in Resources */ = {isa = PBXBuildFile; fileRef = BE9C83F01F8AE1D300A5401F /* LaunchScreen.storyboard */; };
		BEB25AEE2006EC4D00646979 /* venues.json in Resources */ = {isa = PBXBuildFile; fileRef = BEB25AED2006EC4D00646979 /* venues.json */; };
		BEB25AEF2006EC4D00646979 /* venues.json in Resources */ = {isa = PBXBuildFile; fileRef = BEB25AED2006EC4D00646979 /* venues.json */; };
		BEB25AF12006F16800646979 /* PlacesServiceSpec.swift in Sources */ = {isa = PBXBuildFile; fileRef = BEB25AF02006F16800646979 /* PlacesServiceSpec.swift */; };
		BEBF8F141FB2A1630001EB4F /* Category.swift in Sources */ = {isa = PBXBuildFile; fileRef = BEBF8F131FB2A1630001EB4F /* Category.swift */; };
		BEBF8F151FB2A1630001EB4F /* Category.swift in Sources */ = {isa = PBXBuildFile; fileRef = BEBF8F131FB2A1630001EB4F /* Category.swift */; };
		BEBF8F171FB3E4560001EB4F /* PhotoGroup.swift in Sources */ = {isa = PBXBuildFile; fileRef = BEBF8F161FB3E4560001EB4F /* PhotoGroup.swift */; };
		BEBF8F181FB3E4560001EB4F /* PhotoGroup.swift in Sources */ = {isa = PBXBuildFile; fileRef = BEBF8F161FB3E4560001EB4F /* PhotoGroup.swift */; };
		BEBF8F1A1FB3E46A0001EB4F /* PhotoItem.swift in Sources */ = {isa = PBXBuildFile; fileRef = BEBF8F191FB3E46A0001EB4F /* PhotoItem.swift */; };
		BEBF8F1B1FB3E46A0001EB4F /* PhotoItem.swift in Sources */ = {isa = PBXBuildFile; fileRef = BEBF8F191FB3E46A0001EB4F /* PhotoItem.swift */; };
		BEBF8F1D1FB3F42E0001EB4F /* LocationPlaces.swift in Sources */ = {isa = PBXBuildFile; fileRef = BEBF8F1C1FB3F42E0001EB4F /* LocationPlaces.swift */; };
		BEBF8F1E1FB3F42E0001EB4F /* LocationPlaces.swift in Sources */ = {isa = PBXBuildFile; fileRef = BEBF8F1C1FB3F42E0001EB4F /* LocationPlaces.swift */; };
		BEBF8F201FB400600001EB4F /* PlaceTip.swift in Sources */ = {isa = PBXBuildFile; fileRef = BEBF8F1F1FB400600001EB4F /* PlaceTip.swift */; };
		BEBF8F211FB400600001EB4F /* PlaceTip.swift in Sources */ = {isa = PBXBuildFile; fileRef = BEBF8F1F1FB400600001EB4F /* PlaceTip.swift */; };
		BEC1FE001FC7A6A20062B64F /* Injector.swift in Sources */ = {isa = PBXBuildFile; fileRef = BEC1FDFF1FC7A6A20062B64F /* Injector.swift */; };
		BEC1FE011FC7A6A20062B64F /* Injector.swift in Sources */ = {isa = PBXBuildFile; fileRef = BEC1FDFF1FC7A6A20062B64F /* Injector.swift */; };
		BECD033A1F8DCEE900470DAF /* UserLocationService.swift in Sources */ = {isa = PBXBuildFile; fileRef = BECD03391F8DCEE900470DAF /* UserLocationService.swift */; };
		BECD033B1F8DCEE900470DAF /* UserLocationService.swift in Sources */ = {isa = PBXBuildFile; fileRef = BECD03391F8DCEE900470DAF /* UserLocationService.swift */; };
		BECD03411F8DD03B00470DAF /* UserLocationServiceSpec.swift in Sources */ = {isa = PBXBuildFile; fileRef = BECD03401F8DD03B00470DAF /* UserLocationServiceSpec.swift */; };
		BECD03431F8DD47400470DAF /* LocationManagerMock.swift in Sources */ = {isa = PBXBuildFile; fileRef = BECD03421F8DD47400470DAF /* LocationManagerMock.swift */; };
		BEF7B53B1FA02A70007157AB /* PlacesApi.swift in Sources */ = {isa = PBXBuildFile; fileRef = BEF7B53A1FA02A70007157AB /* PlacesApi.swift */; };
		BEF7B53C1FA02A70007157AB /* PlacesApi.swift in Sources */ = {isa = PBXBuildFile; fileRef = BEF7B53A1FA02A70007157AB /* PlacesApi.swift */; };
		BEF7B5431FA63EF5007157AB /* ServicesConstants.swift in Sources */ = {isa = PBXBuildFile; fileRef = BEF7B5421FA63EF5007157AB /* ServicesConstants.swift */; };
		BEF7B5441FA63EF5007157AB /* ServicesConstants.swift in Sources */ = {isa = PBXBuildFile; fileRef = BEF7B5421FA63EF5007157AB /* ServicesConstants.swift */; };
		BEF8C8E31FBCE25500A756C5 /* AppState.swift in Sources */ = {isa = PBXBuildFile; fileRef = BEF8C8E21FBCE25500A756C5 /* AppState.swift */; };
		BEF8C8E41FBCE25500A756C5 /* AppState.swift in Sources */ = {isa = PBXBuildFile; fileRef = BEF8C8E21FBCE25500A756C5 /* AppState.swift */; };
		BEF8C8E71FBCF3D700A756C5 /* AppReducer.swift in Sources */ = {isa = PBXBuildFile; fileRef = BEF8C8E61FBCF3D700A756C5 /* AppReducer.swift */; };
		BEF8C8E81FBCF3D700A756C5 /* AppReducer.swift in Sources */ = {isa = PBXBuildFile; fileRef = BEF8C8E61FBCF3D700A756C5 /* AppReducer.swift */; };
		BEF8C8EB1FBD03EC00A756C5 /* Actions.swift in Sources */ = {isa = PBXBuildFile; fileRef = BEF8C8EA1FBD03EC00A756C5 /* Actions.swift */; };
		BEF8C8EC1FBD03EC00A756C5 /* Actions.swift in Sources */ = {isa = PBXBuildFile; fileRef = BEF8C8EA1FBD03EC00A756C5 /* Actions.swift */; };
		E56D95231FCF5FEF00FFA4BA /* UserLocationServiceMock.swift in Sources */ = {isa = PBXBuildFile; fileRef = E56D95221FCF5FEF00FFA4BA /* UserLocationServiceMock.swift */; };
		E5B65C331FD73B9D00D3226A /* AppReducerSpec.swift in Sources */ = {isa = PBXBuildFile; fileRef = E5B65C321FD73B9D00D3226A /* AppReducerSpec.swift */; };
		F747FBAF2E8C583943CA1B99 /* Pods_Foursquare_CloneTests.framework in Frameworks */ = {isa = PBXBuildFile; fileRef = 359F1867D745D2C6382832E6 /* Pods_Foursquare_CloneTests.framework */; };
/* End PBXBuildFile section */

/* Begin PBXContainerItemProxy section */
		BE9C83F91F8AE1D300A5401F /* PBXContainerItemProxy */ = {
			isa = PBXContainerItemProxy;
			containerPortal = BE9C83DC1F8AE1D200A5401F /* Project object */;
			proxyType = 1;
			remoteGlobalIDString = BE9C83E31F8AE1D200A5401F;
			remoteInfo = "Foursquare Clone";
		};
/* End PBXContainerItemProxy section */

/* Begin PBXFileReference section */
		0C7A3888577EDD31E4C2D8B8 /* Pods-Foursquare Clone.release.xcconfig */ = {isa = PBXFileReference; includeInIndex = 1; lastKnownFileType = text.xcconfig; name = "Pods-Foursquare Clone.release.xcconfig"; path = "Pods/Target Support Files/Pods-Foursquare Clone/Pods-Foursquare Clone.release.xcconfig"; sourceTree = "<group>"; };
		25AD5562254ED178084CA124 /* Pods-Foursquare CloneUITests.release.xcconfig */ = {isa = PBXFileReference; includeInIndex = 1; lastKnownFileType = text.xcconfig; name = "Pods-Foursquare CloneUITests.release.xcconfig"; path = "Pods/Target Support Files/Pods-Foursquare CloneUITests/Pods-Foursquare CloneUITests.release.xcconfig"; sourceTree = "<group>"; };
		359F1867D745D2C6382832E6 /* Pods_Foursquare_CloneTests.framework */ = {isa = PBXFileReference; explicitFileType = wrapper.framework; includeInIndex = 0; path = Pods_Foursquare_CloneTests.framework; sourceTree = BUILT_PRODUCTS_DIR; };
		4FA2435F526F3E0B15602C48 /* Pods-Foursquare CloneUITests.debug.xcconfig */ = {isa = PBXFileReference; includeInIndex = 1; lastKnownFileType = text.xcconfig; name = "Pods-Foursquare CloneUITests.debug.xcconfig"; path = "Pods/Target Support Files/Pods-Foursquare CloneUITests/Pods-Foursquare CloneUITests.debug.xcconfig"; sourceTree = "<group>"; };
		987B857AEA84AF395D53BA4A /* Pods_Foursquare_CloneUITests.framework */ = {isa = PBXFileReference; explicitFileType = wrapper.framework; includeInIndex = 0; path = Pods_Foursquare_CloneUITests.framework; sourceTree = BUILT_PRODUCTS_DIR; };
		BE20BF112033892D00AB6BF1 /* PlacesViewController.swift */ = {isa = PBXFileReference; lastKnownFileType = sourcecode.swift; path = PlacesViewController.swift; sourceTree = "<group>"; };
		BE20BF122033892D00AB6BF1 /* PlacesViewController.xib */ = {isa = PBXFileReference; lastKnownFileType = file.xib; path = PlacesViewController.xib; sourceTree = "<group>"; };
		BE2E0F7E1FA80204002A5494 /* Place.swift */ = {isa = PBXFileReference; lastKnownFileType = sourcecode.swift; path = Place.swift; sourceTree = "<group>"; };
		BE2E0F811FA8192D002A5494 /* Group.swift */ = {isa = PBXFileReference; lastKnownFileType = sourcecode.swift; path = Group.swift; sourceTree = "<group>"; };
		BE3B6B6D1FC7B8A800ECE416 /* InjectorSpec.swift */ = {isa = PBXFileReference; lastKnownFileType = sourcecode.swift; path = InjectorSpec.swift; sourceTree = "<group>"; };
		BE3C738B1FCE3FB000F37C7F /* NearbyPlacesService.swift */ = {isa = PBXFileReference; lastKnownFileType = sourcecode.swift; name = NearbyPlacesService.swift; path = "Foursquare Clone/Services/NearbyPlacesService.swift"; sourceTree = SOURCE_ROOT; };
		BE3C738E1FCE476A00F37C7F /* NearbyPlacesServiceSpec.swift */ = {isa = PBXFileReference; lastKnownFileType = sourcecode.swift; path = NearbyPlacesServiceSpec.swift; sourceTree = "<group>"; };
		BE3C73901FCE480400F37C7F /* PlacesApiMock.swift */ = {isa = PBXFileReference; lastKnownFileType = sourcecode.swift; path = PlacesApiMock.swift; sourceTree = "<group>"; };
		BE3C73921FCE5A3A00F37C7F /* PlacesService.swift */ = {isa = PBXFileReference; lastKnownFileType = sourcecode.swift; path = PlacesService.swift; sourceTree = "<group>"; };
		BE9C83E41F8AE1D200A5401F /* Foursquare Clone.app */ = {isa = PBXFileReference; explicitFileType = wrapper.application; includeInIndex = 0; path = "Foursquare Clone.app"; sourceTree = BUILT_PRODUCTS_DIR; };
		BE9C83E71F8AE1D200A5401F /* AppDelegate.swift */ = {isa = PBXFileReference; lastKnownFileType = sourcecode.swift; path = AppDelegate.swift; sourceTree = "<group>"; };
		BE9C83EE1F8AE1D300A5401F /* Assets.xcassets */ = {isa = PBXFileReference; lastKnownFileType = folder.assetcatalog; path = Assets.xcassets; sourceTree = "<group>"; };
		BE9C83F11F8AE1D300A5401F /* Base */ = {isa = PBXFileReference; lastKnownFileType = file.storyboard; name = Base; path = Base.lproj/LaunchScreen.storyboard; sourceTree = "<group>"; };
		BE9C83F31F8AE1D300A5401F /* Info.plist */ = {isa = PBXFileReference; lastKnownFileType = text.plist.xml; path = Info.plist; sourceTree = "<group>"; };
		BE9C83F81F8AE1D300A5401F /* Foursquare CloneTests.xctest */ = {isa = PBXFileReference; explicitFileType = wrapper.cfbundle; includeInIndex = 0; path = "Foursquare CloneTests.xctest"; sourceTree = BUILT_PRODUCTS_DIR; };
		BE9C83FE1F8AE1D300A5401F /* Info.plist */ = {isa = PBXFileReference; lastKnownFileType = text.plist.xml; path = Info.plist; sourceTree = "<group>"; };
		BEB25AED2006EC4D00646979 /* venues.json */ = {isa = PBXFileReference; fileEncoding = 4; lastKnownFileType = text.json; path = venues.json; sourceTree = "<group>"; };
		BEB25AF02006F16800646979 /* PlacesServiceSpec.swift */ = {isa = PBXFileReference; lastKnownFileType = sourcecode.swift; path = PlacesServiceSpec.swift; sourceTree = "<group>"; };
		BEBF8F131FB2A1630001EB4F /* Category.swift */ = {isa = PBXFileReference; lastKnownFileType = sourcecode.swift; path = Category.swift; sourceTree = "<group>"; };
		BEBF8F161FB3E4560001EB4F /* PhotoGroup.swift */ = {isa = PBXFileReference; lastKnownFileType = sourcecode.swift; path = PhotoGroup.swift; sourceTree = "<group>"; };
		BEBF8F191FB3E46A0001EB4F /* PhotoItem.swift */ = {isa = PBXFileReference; lastKnownFileType = sourcecode.swift; path = PhotoItem.swift; sourceTree = "<group>"; };
		BEBF8F1C1FB3F42E0001EB4F /* LocationPlaces.swift */ = {isa = PBXFileReference; lastKnownFileType = sourcecode.swift; path = LocationPlaces.swift; sourceTree = "<group>"; };
		BEBF8F1F1FB400600001EB4F /* PlaceTip.swift */ = {isa = PBXFileReference; lastKnownFileType = sourcecode.swift; path = PlaceTip.swift; sourceTree = "<group>"; };
		BEC1FDFF1FC7A6A20062B64F /* Injector.swift */ = {isa = PBXFileReference; lastKnownFileType = sourcecode.swift; path = Injector.swift; sourceTree = "<group>"; };
		BECD03391F8DCEE900470DAF /* UserLocationService.swift */ = {isa = PBXFileReference; lastKnownFileType = sourcecode.swift; path = UserLocationService.swift; sourceTree = "<group>"; };
		BECD03401F8DD03B00470DAF /* UserLocationServiceSpec.swift */ = {isa = PBXFileReference; lastKnownFileType = sourcecode.swift; path = UserLocationServiceSpec.swift; sourceTree = "<group>"; };
		BECD03421F8DD47400470DAF /* LocationManagerMock.swift */ = {isa = PBXFileReference; lastKnownFileType = sourcecode.swift; path = LocationManagerMock.swift; sourceTree = "<group>"; };
		BEF7B53A1FA02A70007157AB /* PlacesApi.swift */ = {isa = PBXFileReference; lastKnownFileType = sourcecode.swift; path = PlacesApi.swift; sourceTree = "<group>"; };
		BEF7B5421FA63EF5007157AB /* ServicesConstants.swift */ = {isa = PBXFileReference; lastKnownFileType = sourcecode.swift; path = ServicesConstants.swift; sourceTree = "<group>"; };
		BEF8C8E21FBCE25500A756C5 /* AppState.swift */ = {isa = PBXFileReference; lastKnownFileType = sourcecode.swift; path = AppState.swift; sourceTree = "<group>"; };
		BEF8C8E61FBCF3D700A756C5 /* AppReducer.swift */ = {isa = PBXFileReference; lastKnownFileType = sourcecode.swift; path = AppReducer.swift; sourceTree = "<group>"; };
		BEF8C8EA1FBD03EC00A756C5 /* Actions.swift */ = {isa = PBXFileReference; lastKnownFileType = sourcecode.swift; path = Actions.swift; sourceTree = "<group>"; };
		E56D95221FCF5FEF00FFA4BA /* UserLocationServiceMock.swift */ = {isa = PBXFileReference; lastKnownFileType = sourcecode.swift; path = UserLocationServiceMock.swift; sourceTree = "<group>"; };
		E5B65C321FD73B9D00D3226A /* AppReducerSpec.swift */ = {isa = PBXFileReference; lastKnownFileType = sourcecode.swift; path = AppReducerSpec.swift; sourceTree = "<group>"; };
		E89B84E07B99D63BA61C5E57 /* Pods-Foursquare CloneTests.debug.xcconfig */ = {isa = PBXFileReference; includeInIndex = 1; lastKnownFileType = text.xcconfig; name = "Pods-Foursquare CloneTests.debug.xcconfig"; path = "Pods/Target Support Files/Pods-Foursquare CloneTests/Pods-Foursquare CloneTests.debug.xcconfig"; sourceTree = "<group>"; };
		EA546AA6EB2DCC329217E1CC /* Pods_Foursquare_Clone.framework */ = {isa = PBXFileReference; explicitFileType = wrapper.framework; includeInIndex = 0; path = Pods_Foursquare_Clone.framework; sourceTree = BUILT_PRODUCTS_DIR; };
		F99B53916F13256DA67DF44D /* Pods-Foursquare CloneTests.release.xcconfig */ = {isa = PBXFileReference; includeInIndex = 1; lastKnownFileType = text.xcconfig; name = "Pods-Foursquare CloneTests.release.xcconfig"; path = "Pods/Target Support Files/Pods-Foursquare CloneTests/Pods-Foursquare CloneTests.release.xcconfig"; sourceTree = "<group>"; };
		F9AC80EE7FB2B4B6DFBC084C /* Pods-Foursquare Clone.debug.xcconfig */ = {isa = PBXFileReference; includeInIndex = 1; lastKnownFileType = text.xcconfig; name = "Pods-Foursquare Clone.debug.xcconfig"; path = "Pods/Target Support Files/Pods-Foursquare Clone/Pods-Foursquare Clone.debug.xcconfig"; sourceTree = "<group>"; };
/* End PBXFileReference section */

/* Begin PBXFrameworksBuildPhase section */
		BE9C83E11F8AE1D200A5401F /* Frameworks */ = {
			isa = PBXFrameworksBuildPhase;
			buildActionMask = 2147483647;
			files = (
				4645BFFD65E5E574348C6C7F /* Pods_Foursquare_Clone.framework in Frameworks */,
			);
			runOnlyForDeploymentPostprocessing = 0;
		};
		BE9C83F51F8AE1D300A5401F /* Frameworks */ = {
			isa = PBXFrameworksBuildPhase;
			buildActionMask = 2147483647;
			files = (
				F747FBAF2E8C583943CA1B99 /* Pods_Foursquare_CloneTests.framework in Frameworks */,
			);
			runOnlyForDeploymentPostprocessing = 0;
		};
/* End PBXFrameworksBuildPhase section */

/* Begin PBXGroup section */
		40D45315B4D6177E3DB95F86 /* Pods */ = {
			isa = PBXGroup;
			children = (
				F9AC80EE7FB2B4B6DFBC084C /* Pods-Foursquare Clone.debug.xcconfig */,
				0C7A3888577EDD31E4C2D8B8 /* Pods-Foursquare Clone.release.xcconfig */,
				E89B84E07B99D63BA61C5E57 /* Pods-Foursquare CloneTests.debug.xcconfig */,
				F99B53916F13256DA67DF44D /* Pods-Foursquare CloneTests.release.xcconfig */,
				4FA2435F526F3E0B15602C48 /* Pods-Foursquare CloneUITests.debug.xcconfig */,
				25AD5562254ED178084CA124 /* Pods-Foursquare CloneUITests.release.xcconfig */,
			);
			name = Pods;
			sourceTree = "<group>";
		};
		9AF039833A44EA6A7B0E79F6 /* Frameworks */ = {
			isa = PBXGroup;
			children = (
				EA546AA6EB2DCC329217E1CC /* Pods_Foursquare_Clone.framework */,
				359F1867D745D2C6382832E6 /* Pods_Foursquare_CloneTests.framework */,
				987B857AEA84AF395D53BA4A /* Pods_Foursquare_CloneUITests.framework */,
			);
			name = Frameworks;
			sourceTree = "<group>";
		};
		BE20BF102033891C00AB6BF1 /* View Controller */ = {
			isa = PBXGroup;
			children = (
				BE20BF112033892D00AB6BF1 /* PlacesViewController.swift */,
				BE20BF122033892D00AB6BF1 /* PlacesViewController.xib */,
			);
			path = "View Controller";
			sourceTree = "<group>";
		};
		BE3B6B6A1FC7B7D400ECE416 /* Injector */ = {
			isa = PBXGroup;
			children = (
				BE3B6B6D1FC7B8A800ECE416 /* InjectorSpec.swift */,
			);
			path = Injector;
			sourceTree = "<group>";
		};
		BE9C83DB1F8AE1D200A5401F = {
			isa = PBXGroup;
			children = (
				BE9C83E61F8AE1D200A5401F /* Foursquare Clone */,
				BE9C83FB1F8AE1D300A5401F /* Foursquare CloneTests */,
				BE9C83E51F8AE1D200A5401F /* Products */,
				40D45315B4D6177E3DB95F86 /* Pods */,
				9AF039833A44EA6A7B0E79F6 /* Frameworks */,
			);
			sourceTree = "<group>";
		};
		BE9C83E51F8AE1D200A5401F /* Products */ = {
			isa = PBXGroup;
			children = (
				BE9C83E41F8AE1D200A5401F /* Foursquare Clone.app */,
				BE9C83F81F8AE1D300A5401F /* Foursquare CloneTests.xctest */,
			);
			name = Products;
			sourceTree = "<group>";
		};
		BE9C83E61F8AE1D200A5401F /* Foursquare Clone */ = {
			isa = PBXGroup;
			children = (
				BEF8C8E91FBD03D700A756C5 /* Actions */,
				BEC1FDFE1FC7A68F0062B64F /* Injector */,
				BEF7B5391FA01EE6007157AB /* Models */,
				BEBF8F221FB735EC0001EB4F /* Networking */,
				BEF8C8E51FBCF3BC00A756C5 /* Reducers */,
				BECD03371F8DCE3D00470DAF /* Services */,
				BEF8C8E11FBCE23700A756C5 /* State */,
				BEB25AEC2006EC3000646979 /* Stubbed Responses */,
				BE20BF102033891C00AB6BF1 /* View Controller */,
				BE9C83E71F8AE1D200A5401F /* AppDelegate.swift */,
				BE9C83EE1F8AE1D300A5401F /* Assets.xcassets */,
				BE9C83F01F8AE1D300A5401F /* LaunchScreen.storyboard */,
				BE9C83F31F8AE1D300A5401F /* Info.plist */,
			);
			path = "Foursquare Clone";
			sourceTree = "<group>";
		};
		BE9C83FB1F8AE1D300A5401F /* Foursquare CloneTests */ = {
			isa = PBXGroup;
			children = (
				BE3B6B6A1FC7B7D400ECE416 /* Injector */,
				E56D95211FCF5FCE00FFA4BA /* Mocks */,
				E5B65C311FD73B5100D3226A /* Reducers */,
				BECD033D1F8DCF7E00470DAF /* Services */,
				BE9C83FE1F8AE1D300A5401F /* Info.plist */,
			);
			path = "Foursquare CloneTests";
			sourceTree = "<group>";
		};
		BEB25AEC2006EC3000646979 /* Stubbed Responses */ = {
			isa = PBXGroup;
			children = (
				BEB25AED2006EC4D00646979 /* venues.json */,
			);
			path = "Stubbed Responses";
			sourceTree = "<group>";
		};
		BEBF8F221FB735EC0001EB4F /* Networking */ = {
			isa = PBXGroup;
			children = (
				BEF7B53A1FA02A70007157AB /* PlacesApi.swift */,
			);
			path = Networking;
			sourceTree = "<group>";
		};
		BEC1FDFE1FC7A68F0062B64F /* Injector */ = {
			isa = PBXGroup;
			children = (
				BEC1FDFF1FC7A6A20062B64F /* Injector.swift */,
			);
			path = Injector;
			sourceTree = "<group>";
		};
		BECD03371F8DCE3D00470DAF /* Services */ = {
			isa = PBXGroup;
			children = (
				BE3C738B1FCE3FB000F37C7F /* NearbyPlacesService.swift */,
				BECD03391F8DCEE900470DAF /* UserLocationService.swift */,
				BEF7B5421FA63EF5007157AB /* ServicesConstants.swift */,
				BE3C73921FCE5A3A00F37C7F /* PlacesService.swift */,
			);
			path = Services;
			sourceTree = "<group>";
		};
		BECD033D1F8DCF7E00470DAF /* Services */ = {
			isa = PBXGroup;
			children = (
				BECD03401F8DD03B00470DAF /* UserLocationServiceSpec.swift */,
				BE3C738E1FCE476A00F37C7F /* NearbyPlacesServiceSpec.swift */,
				BEB25AF02006F16800646979 /* PlacesServiceSpec.swift */,
			);
			path = Services;
			sourceTree = "<group>";
		};
		BEF7B5391FA01EE6007157AB /* Models */ = {
			isa = PBXGroup;
			children = (
				BE2E0F7E1FA80204002A5494 /* Place.swift */,
				BE2E0F811FA8192D002A5494 /* Group.swift */,
				BEBF8F131FB2A1630001EB4F /* Category.swift */,
				BEBF8F161FB3E4560001EB4F /* PhotoGroup.swift */,
				BEBF8F191FB3E46A0001EB4F /* PhotoItem.swift */,
				BEBF8F1C1FB3F42E0001EB4F /* LocationPlaces.swift */,
				BEBF8F1F1FB400600001EB4F /* PlaceTip.swift */,
			);
			path = Models;
			sourceTree = SOURCE_ROOT;
		};
		BEF8C8E11FBCE23700A756C5 /* State */ = {
			isa = PBXGroup;
			children = (
				BEF8C8E21FBCE25500A756C5 /* AppState.swift */,
			);
			path = State;
			sourceTree = "<group>";
		};
		BEF8C8E51FBCF3BC00A756C5 /* Reducers */ = {
			isa = PBXGroup;
			children = (
				BEF8C8E61FBCF3D700A756C5 /* AppReducer.swift */,
			);
			path = Reducers;
			sourceTree = "<group>";
		};
		BEF8C8E91FBD03D700A756C5 /* Actions */ = {
			isa = PBXGroup;
			children = (
				BEF8C8EA1FBD03EC00A756C5 /* Actions.swift */,
			);
			path = Actions;
			sourceTree = "<group>";
		};
		E56D95211FCF5FCE00FFA4BA /* Mocks */ = {
			isa = PBXGroup;
			children = (
				BECD03421F8DD47400470DAF /* LocationManagerMock.swift */,
				BE3C73901FCE480400F37C7F /* PlacesApiMock.swift */,
				E56D95221FCF5FEF00FFA4BA /* UserLocationServiceMock.swift */,
			);
			path = Mocks;
			sourceTree = "<group>";
		};
		E5B65C311FD73B5100D3226A /* Reducers */ = {
			isa = PBXGroup;
			children = (
				E5B65C321FD73B9D00D3226A /* AppReducerSpec.swift */,
			);
			path = Reducers;
			sourceTree = SOURCE_ROOT;
		};
/* End PBXGroup section */

/* Begin PBXNativeTarget section */
		BE9C83E31F8AE1D200A5401F /* Foursquare Clone */ = {
			isa = PBXNativeTarget;
			buildConfigurationList = BE9C840C1F8AE1D300A5401F /* Build configuration list for PBXNativeTarget "Foursquare Clone" */;
			buildPhases = (
				2E2AD8A46B8D54777793C147 /* [CP] Check Pods Manifest.lock */,
				BE9C83E01F8AE1D200A5401F /* Sources */,
				BE9C83E11F8AE1D200A5401F /* Frameworks */,
				BE9C83E21F8AE1D200A5401F /* Resources */,
				10D358A28E7D578547EC0798 /* [CP] Embed Pods Frameworks */,
				385DC77DAB482EB7BC8B5526 /* [CP] Copy Pods Resources */,
				BEE6CF881F93978500752B12 /* Run Swiftlint */,
			);
			buildRules = (
			);
			dependencies = (
			);
			name = "Foursquare Clone";
			productName = "Foursquare Clone";
			productReference = BE9C83E41F8AE1D200A5401F /* Foursquare Clone.app */;
			productType = "com.apple.product-type.application";
		};
		BE9C83F71F8AE1D300A5401F /* Foursquare CloneTests */ = {
			isa = PBXNativeTarget;
			buildConfigurationList = BE9C840F1F8AE1D300A5401F /* Build configuration list for PBXNativeTarget "Foursquare CloneTests" */;
			buildPhases = (
				2707E27D3F8356B6A8D455DF /* [CP] Check Pods Manifest.lock */,
				BE9C83F41F8AE1D300A5401F /* Sources */,
				BE9C83F51F8AE1D300A5401F /* Frameworks */,
				BE9C83F61F8AE1D300A5401F /* Resources */,
				5445918006DE0195B55356CF /* [CP] Embed Pods Frameworks */,
				B9AF7B6FD61FBB0D95873B02 /* [CP] Copy Pods Resources */,
			);
			buildRules = (
			);
			dependencies = (
				BE9C83FA1F8AE1D300A5401F /* PBXTargetDependency */,
			);
			name = "Foursquare CloneTests";
			productName = "Foursquare CloneTests";
			productReference = BE9C83F81F8AE1D300A5401F /* Foursquare CloneTests.xctest */;
			productType = "com.apple.product-type.bundle.unit-test";
		};
/* End PBXNativeTarget section */

/* Begin PBXProject section */
		BE9C83DC1F8AE1D200A5401F /* Project object */ = {
			isa = PBXProject;
			attributes = {
				LastSwiftUpdateCheck = 0900;
				LastUpgradeCheck = 0900;
				ORGANIZATIONNAME = "Fabio Hiroki";
				TargetAttributes = {
					BE9C83E31F8AE1D200A5401F = {
						CreatedOnToolsVersion = 9.0;
						ProvisioningStyle = Automatic;
					};
					BE9C83F71F8AE1D300A5401F = {
						CreatedOnToolsVersion = 9.0;
						ProvisioningStyle = Automatic;
						TestTargetID = BE9C83E31F8AE1D200A5401F;
					};
				};
			};
			buildConfigurationList = BE9C83DF1F8AE1D200A5401F /* Build configuration list for PBXProject "Foursquare Clone" */;
			compatibilityVersion = "Xcode 8.0";
			developmentRegion = en;
			hasScannedForEncodings = 0;
			knownRegions = (
				en,
				Base,
			);
			mainGroup = BE9C83DB1F8AE1D200A5401F;
			productRefGroup = BE9C83E51F8AE1D200A5401F /* Products */;
			projectDirPath = "";
			projectRoot = "";
			targets = (
				BE9C83E31F8AE1D200A5401F /* Foursquare Clone */,
				BE9C83F71F8AE1D300A5401F /* Foursquare CloneTests */,
			);
		};
/* End PBXProject section */

/* Begin PBXResourcesBuildPhase section */
		BE9C83E21F8AE1D200A5401F /* Resources */ = {
			isa = PBXResourcesBuildPhase;
			buildActionMask = 2147483647;
			files = (
				BE20BF152033892D00AB6BF1 /* PlacesViewController.xib in Resources */,
				BE9C83F21F8AE1D300A5401F /* LaunchScreen.storyboard in Resources */,
				BEB25AEE2006EC4D00646979 /* venues.json in Resources */,
				BE9C83EF1F8AE1D300A5401F /* Assets.xcassets in Resources */,
			);
			runOnlyForDeploymentPostprocessing = 0;
		};
		BE9C83F61F8AE1D300A5401F /* Resources */ = {
			isa = PBXResourcesBuildPhase;
			buildActionMask = 2147483647;
			files = (
				BE20BF162033892D00AB6BF1 /* PlacesViewController.xib in Resources */,
				BEB25AEF2006EC4D00646979 /* venues.json in Resources */,
			);
			runOnlyForDeploymentPostprocessing = 0;
		};
/* End PBXResourcesBuildPhase section */

/* Begin PBXShellScriptBuildPhase section */
		10D358A28E7D578547EC0798 /* [CP] Embed Pods Frameworks */ = {
			isa = PBXShellScriptBuildPhase;
			buildActionMask = 2147483647;
			files = (
			);
			inputPaths = (
				"${SRCROOT}/Pods/Target Support Files/Pods-Foursquare Clone/Pods-Foursquare Clone-frameworks.sh",
				"${BUILT_PRODUCTS_DIR}/Alamofire/Alamofire.framework",
				"${BUILT_PRODUCTS_DIR}/Hero/Hero.framework",
				"${BUILT_PRODUCTS_DIR}/ModelMapper/Mapper.framework",
				"${BUILT_PRODUCTS_DIR}/Moya.default-RxSwift/Moya.framework",
				"${BUILT_PRODUCTS_DIR}/Moya-ModelMapper/Moya_ModelMapper.framework",
				"${BUILT_PRODUCTS_DIR}/ReSwift/ReSwift.framework",
				"${BUILT_PRODUCTS_DIR}/Result/Result.framework",
				"${BUILT_PRODUCTS_DIR}/RxCocoa/RxCocoa.framework",
				"${BUILT_PRODUCTS_DIR}/RxSwift/RxSwift.framework",
				"${BUILT_PRODUCTS_DIR}/Swinject/Swinject.framework",
			);
			name = "[CP] Embed Pods Frameworks";
			outputPaths = (
				"${TARGET_BUILD_DIR}/${FRAMEWORKS_FOLDER_PATH}/Alamofire.framework",
				"${TARGET_BUILD_DIR}/${FRAMEWORKS_FOLDER_PATH}/Hero.framework",
				"${TARGET_BUILD_DIR}/${FRAMEWORKS_FOLDER_PATH}/Mapper.framework",
				"${TARGET_BUILD_DIR}/${FRAMEWORKS_FOLDER_PATH}/Moya.framework",
				"${TARGET_BUILD_DIR}/${FRAMEWORKS_FOLDER_PATH}/Moya_ModelMapper.framework",
				"${TARGET_BUILD_DIR}/${FRAMEWORKS_FOLDER_PATH}/ReSwift.framework",
				"${TARGET_BUILD_DIR}/${FRAMEWORKS_FOLDER_PATH}/Result.framework",
				"${TARGET_BUILD_DIR}/${FRAMEWORKS_FOLDER_PATH}/RxCocoa.framework",
				"${TARGET_BUILD_DIR}/${FRAMEWORKS_FOLDER_PATH}/RxSwift.framework",
				"${TARGET_BUILD_DIR}/${FRAMEWORKS_FOLDER_PATH}/Swinject.framework",
			);
			runOnlyForDeploymentPostprocessing = 0;
			shellPath = /bin/sh;
			shellScript = "\"${SRCROOT}/Pods/Target Support Files/Pods-Foursquare Clone/Pods-Foursquare Clone-frameworks.sh\"\n";
			showEnvVarsInLog = 0;
		};
		2707E27D3F8356B6A8D455DF /* [CP] Check Pods Manifest.lock */ = {
			isa = PBXShellScriptBuildPhase;
			buildActionMask = 2147483647;
			files = (
			);
			inputPaths = (
				"${PODS_PODFILE_DIR_PATH}/Podfile.lock",
				"${PODS_ROOT}/Manifest.lock",
			);
			name = "[CP] Check Pods Manifest.lock";
			outputPaths = (
				"$(DERIVED_FILE_DIR)/Pods-Foursquare CloneTests-checkManifestLockResult.txt",
			);
			runOnlyForDeploymentPostprocessing = 0;
			shellPath = /bin/sh;
			shellScript = "diff \"${PODS_PODFILE_DIR_PATH}/Podfile.lock\" \"${PODS_ROOT}/Manifest.lock\" > /dev/null\nif [ $? != 0 ] ; then\n    # print error to STDERR\n    echo \"error: The sandbox is not in sync with the Podfile.lock. Run 'pod install' or update your CocoaPods installation.\" >&2\n    exit 1\nfi\n# This output is used by Xcode 'outputs' to avoid re-running this script phase.\necho \"SUCCESS\" > \"${SCRIPT_OUTPUT_FILE_0}\"\n";
			showEnvVarsInLog = 0;
		};
		2E2AD8A46B8D54777793C147 /* [CP] Check Pods Manifest.lock */ = {
			isa = PBXShellScriptBuildPhase;
			buildActionMask = 2147483647;
			files = (
			);
			inputPaths = (
				"${PODS_PODFILE_DIR_PATH}/Podfile.lock",
				"${PODS_ROOT}/Manifest.lock",
			);
			name = "[CP] Check Pods Manifest.lock";
			outputPaths = (
				"$(DERIVED_FILE_DIR)/Pods-Foursquare Clone-checkManifestLockResult.txt",
			);
			runOnlyForDeploymentPostprocessing = 0;
			shellPath = /bin/sh;
			shellScript = "diff \"${PODS_PODFILE_DIR_PATH}/Podfile.lock\" \"${PODS_ROOT}/Manifest.lock\" > /dev/null\nif [ $? != 0 ] ; then\n    # print error to STDERR\n    echo \"error: The sandbox is not in sync with the Podfile.lock. Run 'pod install' or update your CocoaPods installation.\" >&2\n    exit 1\nfi\n# This output is used by Xcode 'outputs' to avoid re-running this script phase.\necho \"SUCCESS\" > \"${SCRIPT_OUTPUT_FILE_0}\"\n";
			showEnvVarsInLog = 0;
		};
		385DC77DAB482EB7BC8B5526 /* [CP] Copy Pods Resources */ = {
			isa = PBXShellScriptBuildPhase;
			buildActionMask = 2147483647;
			files = (
			);
			inputPaths = (
			);
			name = "[CP] Copy Pods Resources";
			outputPaths = (
			);
			runOnlyForDeploymentPostprocessing = 0;
			shellPath = /bin/sh;
			shellScript = "\"${SRCROOT}/Pods/Target Support Files/Pods-Foursquare Clone/Pods-Foursquare Clone-resources.sh\"\n";
			showEnvVarsInLog = 0;
		};
		5445918006DE0195B55356CF /* [CP] Embed Pods Frameworks */ = {
			isa = PBXShellScriptBuildPhase;
			buildActionMask = 2147483647;
			files = (
			);
			inputPaths = (
				"${SRCROOT}/Pods/Target Support Files/Pods-Foursquare CloneTests/Pods-Foursquare CloneTests-frameworks.sh",
				"${BUILT_PRODUCTS_DIR}/Alamofire/Alamofire.framework",
				"${BUILT_PRODUCTS_DIR}/Moya-Core-RxSwift/Moya.framework",
				"${BUILT_PRODUCTS_DIR}/Result/Result.framework",
				"${BUILT_PRODUCTS_DIR}/RxSwift/RxSwift.framework",
			);
			name = "[CP] Embed Pods Frameworks";
			outputPaths = (
				"${TARGET_BUILD_DIR}/${FRAMEWORKS_FOLDER_PATH}/Alamofire.framework",
				"${TARGET_BUILD_DIR}/${FRAMEWORKS_FOLDER_PATH}/Moya.framework",
				"${TARGET_BUILD_DIR}/${FRAMEWORKS_FOLDER_PATH}/Result.framework",
				"${TARGET_BUILD_DIR}/${FRAMEWORKS_FOLDER_PATH}/RxSwift.framework",
			);
			runOnlyForDeploymentPostprocessing = 0;
			shellPath = /bin/sh;
			shellScript = "\"${SRCROOT}/Pods/Target Support Files/Pods-Foursquare CloneTests/Pods-Foursquare CloneTests-frameworks.sh\"\n";
			showEnvVarsInLog = 0;
		};
		B9AF7B6FD61FBB0D95873B02 /* [CP] Copy Pods Resources */ = {
			isa = PBXShellScriptBuildPhase;
			buildActionMask = 2147483647;
			files = (
			);
			inputPaths = (
			);
			name = "[CP] Copy Pods Resources";
			outputPaths = (
			);
			runOnlyForDeploymentPostprocessing = 0;
			shellPath = /bin/sh;
			shellScript = "\"${SRCROOT}/Pods/Target Support Files/Pods-Foursquare CloneTests/Pods-Foursquare CloneTests-resources.sh\"\n";
			showEnvVarsInLog = 0;
		};
		BEE6CF881F93978500752B12 /* Run Swiftlint */ = {
			isa = PBXShellScriptBuildPhase;
			buildActionMask = 2147483647;
			files = (
			);
			inputPaths = (
			);
			name = "Run Swiftlint";
			outputPaths = (
			);
			runOnlyForDeploymentPostprocessing = 0;
			shellPath = /bin/sh;
			shellScript = "\"${PODS_ROOT}/SwiftLint/swiftlint\"";
		};
/* End PBXShellScriptBuildPhase section */

/* Begin PBXSourcesBuildPhase section */
		BE9C83E01F8AE1D200A5401F /* Sources */ = {
			isa = PBXSourcesBuildPhase;
			buildActionMask = 2147483647;
			files = (
				BEBF8F1D1FB3F42E0001EB4F /* LocationPlaces.swift in Sources */,
				BECD033A1F8DCEE900470DAF /* UserLocationService.swift in Sources */,
				BEF7B5431FA63EF5007157AB /* ServicesConstants.swift in Sources */,
				BEBF8F201FB400600001EB4F /* PlaceTip.swift in Sources */,
				BE3C738C1FCE3FB000F37C7F /* NearbyPlacesService.swift in Sources */,
				BEBF8F1A1FB3E46A0001EB4F /* PhotoItem.swift in Sources */,
				BE2E0F821FA8192D002A5494 /* Group.swift in Sources */,
				BEC1FE001FC7A6A20062B64F /* Injector.swift in Sources */,
				BEBF8F141FB2A1630001EB4F /* Category.swift in Sources */,
				BEF8C8EB1FBD03EC00A756C5 /* Actions.swift in Sources */,
				BEF8C8E71FBCF3D700A756C5 /* AppReducer.swift in Sources */,
				BEF8C8E31FBCE25500A756C5 /* AppState.swift in Sources */,
				BEF7B53B1FA02A70007157AB /* PlacesApi.swift in Sources */,
				BE20BF132033892D00AB6BF1 /* PlacesViewController.swift in Sources */,
				BE2E0F7F1FA80204002A5494 /* Place.swift in Sources */,
				BE3C73931FCE5A3A00F37C7F /* PlacesService.swift in Sources */,
				BEBF8F171FB3E4560001EB4F /* PhotoGroup.swift in Sources */,
				BE9C83E81F8AE1D200A5401F /* AppDelegate.swift in Sources */,
			);
			runOnlyForDeploymentPostprocessing = 0;
		};
		BE9C83F41F8AE1D300A5401F /* Sources */ = {
			isa = PBXSourcesBuildPhase;
			buildActionMask = 2147483647;
			files = (
				BEF8C8EC1FBD03EC00A756C5 /* Actions.swift in Sources */,
				BE3C73911FCE480400F37C7F /* PlacesApiMock.swift in Sources */,
				BEB25AF12006F16800646979 /* PlacesServiceSpec.swift in Sources */,
				BE3C738F1FCE476A00F37C7F /* NearbyPlacesServiceSpec.swift in Sources */,
				BE2E0F831FA8192D002A5494 /* Group.swift in Sources */,
				BEBF8F1B1FB3E46A0001EB4F /* PhotoItem.swift in Sources */,
				BEF8C8E81FBCF3D700A756C5 /* AppReducer.swift in Sources */,
				BE3C738D1FCE3FB000F37C7F /* NearbyPlacesService.swift in Sources */,
				BECD033B1F8DCEE900470DAF /* UserLocationService.swift in Sources */,
				BE0B37671FEB393700032EDB /* AppDelegate.swift in Sources */,
				BECD03431F8DD47400470DAF /* LocationManagerMock.swift in Sources */,
				BEF7B53C1FA02A70007157AB /* PlacesApi.swift in Sources */,
				BEC1FE011FC7A6A20062B64F /* Injector.swift in Sources */,
				BE3C73941FCE5A3A00F37C7F /* PlacesService.swift in Sources */,
				BEBF8F1E1FB3F42E0001EB4F /* LocationPlaces.swift in Sources */,
				BE2E0F801FA80204002A5494 /* Place.swift in Sources */,
				BEBF8F211FB400600001EB4F /* PlaceTip.swift in Sources */,
				BE20BF142033892D00AB6BF1 /* PlacesViewController.swift in Sources */,
				BEF7B5441FA63EF5007157AB /* ServicesConstants.swift in Sources */,
				E56D95231FCF5FEF00FFA4BA /* UserLocationServiceMock.swift in Sources */,
				BEBF8F181FB3E4560001EB4F /* PhotoGroup.swift in Sources */,
				BE3B6B6E1FC7B8A800ECE416 /* InjectorSpec.swift in Sources */,
				BEF8C8E41FBCE25500A756C5 /* AppState.swift in Sources */,
				E5B65C331FD73B9D00D3226A /* AppReducerSpec.swift in Sources */,
				BECD03411F8DD03B00470DAF /* UserLocationServiceSpec.swift in Sources */,
				BEBF8F151FB2A1630001EB4F /* Category.swift in Sources */,
			);
			runOnlyForDeploymentPostprocessing = 0;
		};
/* End PBXSourcesBuildPhase section */

/* Begin PBXTargetDependency section */
		BE9C83FA1F8AE1D300A5401F /* PBXTargetDependency */ = {
			isa = PBXTargetDependency;
			target = BE9C83E31F8AE1D200A5401F /* Foursquare Clone */;
			targetProxy = BE9C83F91F8AE1D300A5401F /* PBXContainerItemProxy */;
		};
/* End PBXTargetDependency section */

/* Begin PBXVariantGroup section */
		BE9C83F01F8AE1D300A5401F /* LaunchScreen.storyboard */ = {
			isa = PBXVariantGroup;
			children = (
				BE9C83F11F8AE1D300A5401F /* Base */,
			);
			name = LaunchScreen.storyboard;
			sourceTree = "<group>";
		};
/* End PBXVariantGroup section */

/* Begin XCBuildConfiguration section */
		BE9C840A1F8AE1D300A5401F /* Debug */ = {
			isa = XCBuildConfiguration;
			buildSettings = {
				ALWAYS_SEARCH_USER_PATHS = NO;
				CLANG_ANALYZER_NONNULL = YES;
				CLANG_ANALYZER_NUMBER_OBJECT_CONVERSION = YES_AGGRESSIVE;
				CLANG_CXX_LANGUAGE_STANDARD = "gnu++14";
				CLANG_CXX_LIBRARY = "libc++";
				CLANG_ENABLE_MODULES = YES;
				CLANG_ENABLE_OBJC_ARC = YES;
				CLANG_WARN_BLOCK_CAPTURE_AUTORELEASING = YES;
				CLANG_WARN_BOOL_CONVERSION = YES;
				CLANG_WARN_COMMA = YES;
				CLANG_WARN_CONSTANT_CONVERSION = YES;
				CLANG_WARN_DIRECT_OBJC_ISA_USAGE = YES_ERROR;
				CLANG_WARN_DOCUMENTATION_COMMENTS = YES;
				CLANG_WARN_EMPTY_BODY = YES;
				CLANG_WARN_ENUM_CONVERSION = YES;
				CLANG_WARN_INFINITE_RECURSION = YES;
				CLANG_WARN_INT_CONVERSION = YES;
				CLANG_WARN_NON_LITERAL_NULL_CONVERSION = YES;
				CLANG_WARN_OBJC_LITERAL_CONVERSION = YES;
				CLANG_WARN_OBJC_ROOT_CLASS = YES_ERROR;
				CLANG_WARN_RANGE_LOOP_ANALYSIS = YES;
				CLANG_WARN_STRICT_PROTOTYPES = YES;
				CLANG_WARN_SUSPICIOUS_MOVE = YES;
				CLANG_WARN_UNGUARDED_AVAILABILITY = YES_AGGRESSIVE;
				CLANG_WARN_UNREACHABLE_CODE = YES;
				CLANG_WARN__DUPLICATE_METHOD_MATCH = YES;
				CODE_SIGN_IDENTITY = "iPhone Developer";
				COPY_PHASE_STRIP = NO;
				DEBUG_INFORMATION_FORMAT = dwarf;
				ENABLE_STRICT_OBJC_MSGSEND = YES;
				ENABLE_TESTABILITY = YES;
				GCC_C_LANGUAGE_STANDARD = gnu11;
				GCC_DYNAMIC_NO_PIC = NO;
				GCC_NO_COMMON_BLOCKS = YES;
				GCC_OPTIMIZATION_LEVEL = 0;
				GCC_PREPROCESSOR_DEFINITIONS = (
					"DEBUG=1",
					"$(inherited)",
				);
				GCC_WARN_64_TO_32_BIT_CONVERSION = YES;
				GCC_WARN_ABOUT_RETURN_TYPE = YES_ERROR;
				GCC_WARN_UNDECLARED_SELECTOR = YES;
				GCC_WARN_UNINITIALIZED_AUTOS = YES_AGGRESSIVE;
				GCC_WARN_UNUSED_FUNCTION = YES;
				GCC_WARN_UNUSED_VARIABLE = YES;
				IPHONEOS_DEPLOYMENT_TARGET = 11.0;
				MTL_ENABLE_DEBUG_INFO = YES;
				ONLY_ACTIVE_ARCH = YES;
				SDKROOT = iphoneos;
				SWIFT_ACTIVE_COMPILATION_CONDITIONS = DEBUG;
				SWIFT_OPTIMIZATION_LEVEL = "-Onone";
			};
			name = Debug;
		};
		BE9C840B1F8AE1D300A5401F /* Release */ = {
			isa = XCBuildConfiguration;
			buildSettings = {
				ALWAYS_SEARCH_USER_PATHS = NO;
				CLANG_ANALYZER_NONNULL = YES;
				CLANG_ANALYZER_NUMBER_OBJECT_CONVERSION = YES_AGGRESSIVE;
				CLANG_CXX_LANGUAGE_STANDARD = "gnu++14";
				CLANG_CXX_LIBRARY = "libc++";
				CLANG_ENABLE_MODULES = YES;
				CLANG_ENABLE_OBJC_ARC = YES;
				CLANG_WARN_BLOCK_CAPTURE_AUTORELEASING = YES;
				CLANG_WARN_BOOL_CONVERSION = YES;
				CLANG_WARN_COMMA = YES;
				CLANG_WARN_CONSTANT_CONVERSION = YES;
				CLANG_WARN_DIRECT_OBJC_ISA_USAGE = YES_ERROR;
				CLANG_WARN_DOCUMENTATION_COMMENTS = YES;
				CLANG_WARN_EMPTY_BODY = YES;
				CLANG_WARN_ENUM_CONVERSION = YES;
				CLANG_WARN_INFINITE_RECURSION = YES;
				CLANG_WARN_INT_CONVERSION = YES;
				CLANG_WARN_NON_LITERAL_NULL_CONVERSION = YES;
				CLANG_WARN_OBJC_LITERAL_CONVERSION = YES;
				CLANG_WARN_OBJC_ROOT_CLASS = YES_ERROR;
				CLANG_WARN_RANGE_LOOP_ANALYSIS = YES;
				CLANG_WARN_STRICT_PROTOTYPES = YES;
				CLANG_WARN_SUSPICIOUS_MOVE = YES;
				CLANG_WARN_UNGUARDED_AVAILABILITY = YES_AGGRESSIVE;
				CLANG_WARN_UNREACHABLE_CODE = YES;
				CLANG_WARN__DUPLICATE_METHOD_MATCH = YES;
				CODE_SIGN_IDENTITY = "iPhone Developer";
				COPY_PHASE_STRIP = NO;
				DEBUG_INFORMATION_FORMAT = "dwarf-with-dsym";
				ENABLE_NS_ASSERTIONS = NO;
				ENABLE_STRICT_OBJC_MSGSEND = YES;
				GCC_C_LANGUAGE_STANDARD = gnu11;
				GCC_NO_COMMON_BLOCKS = YES;
				GCC_WARN_64_TO_32_BIT_CONVERSION = YES;
				GCC_WARN_ABOUT_RETURN_TYPE = YES_ERROR;
				GCC_WARN_UNDECLARED_SELECTOR = YES;
				GCC_WARN_UNINITIALIZED_AUTOS = YES_AGGRESSIVE;
				GCC_WARN_UNUSED_FUNCTION = YES;
				GCC_WARN_UNUSED_VARIABLE = YES;
				IPHONEOS_DEPLOYMENT_TARGET = 11.0;
				MTL_ENABLE_DEBUG_INFO = NO;
				SDKROOT = iphoneos;
				SWIFT_OPTIMIZATION_LEVEL = "-Owholemodule";
				VALIDATE_PRODUCT = YES;
			};
			name = Release;
		};
		BE9C840D1F8AE1D300A5401F /* Debug */ = {
			isa = XCBuildConfiguration;
			baseConfigurationReference = F9AC80EE7FB2B4B6DFBC084C /* Pods-Foursquare Clone.debug.xcconfig */;
			buildSettings = {
				ASSETCATALOG_COMPILER_APPICON_NAME = AppIcon;
				CODE_SIGN_STYLE = Automatic;
				DEVELOPMENT_TEAM = 8493827AEQ;
				INFOPLIST_FILE = "Foursquare Clone/Info.plist";
				LD_RUNPATH_SEARCH_PATHS = "$(inherited) @executable_path/Frameworks";
				PRODUCT_BUNDLE_IDENTIFIER = "com.test.Foursquare-Clone";
				PRODUCT_NAME = "$(TARGET_NAME)";
				SWIFT_VERSION = 4.0;
				TARGETED_DEVICE_FAMILY = "1,2";
			};
			name = Debug;
		};
		BE9C840E1F8AE1D300A5401F /* Release */ = {
			isa = XCBuildConfiguration;
			baseConfigurationReference = 0C7A3888577EDD31E4C2D8B8 /* Pods-Foursquare Clone.release.xcconfig */;
			buildSettings = {
				ASSETCATALOG_COMPILER_APPICON_NAME = AppIcon;
				CODE_SIGN_STYLE = Automatic;
				DEVELOPMENT_TEAM = 8493827AEQ;
				INFOPLIST_FILE = "Foursquare Clone/Info.plist";
				LD_RUNPATH_SEARCH_PATHS = "$(inherited) @executable_path/Frameworks";
				PRODUCT_BUNDLE_IDENTIFIER = "com.test.Foursquare-Clone";
				PRODUCT_NAME = "$(TARGET_NAME)";
				SWIFT_VERSION = 4.0;
				TARGETED_DEVICE_FAMILY = "1,2";
			};
			name = Release;
		};
		BE9C84101F8AE1D300A5401F /* Debug */ = {
			isa = XCBuildConfiguration;
			baseConfigurationReference = E89B84E07B99D63BA61C5E57 /* Pods-Foursquare CloneTests.debug.xcconfig */;
			buildSettings = {
				ALWAYS_EMBED_SWIFT_STANDARD_LIBRARIES = YES;
				BUNDLE_LOADER = "$(TEST_HOST)";
				CODE_SIGN_STYLE = Automatic;
				INFOPLIST_FILE = "Foursquare CloneTests/Info.plist";
				LD_RUNPATH_SEARCH_PATHS = "$(inherited) @executable_path/Frameworks @loader_path/Frameworks";
				PRODUCT_BUNDLE_IDENTIFIER = "com.test.Foursquare-CloneTests";
				PRODUCT_NAME = "$(TARGET_NAME)";
				SWIFT_VERSION = 4.0;
				TARGETED_DEVICE_FAMILY = "1,2";
				TEST_HOST = "$(BUILT_PRODUCTS_DIR)/Foursquare Clone.app/Foursquare Clone";
			};
			name = Debug;
		};
		BE9C84111F8AE1D300A5401F /* Release */ = {
			isa = XCBuildConfiguration;
			baseConfigurationReference = F99B53916F13256DA67DF44D /* Pods-Foursquare CloneTests.release.xcconfig */;
			buildSettings = {
				ALWAYS_EMBED_SWIFT_STANDARD_LIBRARIES = YES;
				BUNDLE_LOADER = "$(TEST_HOST)";
				CODE_SIGN_STYLE = Automatic;
				INFOPLIST_FILE = "Foursquare CloneTests/Info.plist";
				LD_RUNPATH_SEARCH_PATHS = "$(inherited) @executable_path/Frameworks @loader_path/Frameworks";
				PRODUCT_BUNDLE_IDENTIFIER = "com.test.Foursquare-CloneTests";
				PRODUCT_NAME = "$(TARGET_NAME)";
				SWIFT_VERSION = 4.0;
				TARGETED_DEVICE_FAMILY = "1,2";
				TEST_HOST = "$(BUILT_PRODUCTS_DIR)/Foursquare Clone.app/Foursquare Clone";
			};
			name = Release;
		};
/* End XCBuildConfiguration section */

/* Begin XCConfigurationList section */
		BE9C83DF1F8AE1D200A5401F /* Build configuration list for PBXProject "Foursquare Clone" */ = {
			isa = XCConfigurationList;
			buildConfigurations = (
				BE9C840A1F8AE1D300A5401F /* Debug */,
				BE9C840B1F8AE1D300A5401F /* Release */,
			);
			defaultConfigurationIsVisible = 0;
			defaultConfigurationName = Release;
		};
		BE9C840C1F8AE1D300A5401F /* Build configuration list for PBXNativeTarget "Foursquare Clone" */ = {
			isa = XCConfigurationList;
			buildConfigurations = (
				BE9C840D1F8AE1D300A5401F /* Debug */,
				BE9C840E1F8AE1D300A5401F /* Release */,
			);
			defaultConfigurationIsVisible = 0;
			defaultConfigurationName = Release;
		};
		BE9C840F1F8AE1D300A5401F /* Build configuration list for PBXNativeTarget "Foursquare CloneTests" */ = {
			isa = XCConfigurationList;
			buildConfigurations = (
				BE9C84101F8AE1D300A5401F /* Debug */,
				BE9C84111F8AE1D300A5401F /* Release */,
			);
			defaultConfigurationIsVisible = 0;
			defaultConfigurationName = Release;
		};
/* End XCConfigurationList section */
	};
	rootObject = BE9C83DC1F8AE1D200A5401F /* Project object */;
}
